
Microsoft Visual Studio Solution File, Format Version 12.00
# Visual Studio Version 16
VisualStudioVersion = 16.0.30204.135
MinimumVisualStudioVersion = 10.0.40219.1
Project("{FAE04EC0-301F-11D3-BF4B-00C04F79EFBC}") = "FileFinder", "FileFinder\FileFinder.csproj", "{EF5F5659-C758-4B54-8F50-0E56E20A5F66}"
EndProject
Global
	GlobalSection(SolutionConfigurationPlatforms) = preSolution
		Debug|Any CPU = Debug|Any CPU
		Release|Any CPU = Release|Any CPU
	EndGlobalSection
	GlobalSection(ProjectConfigurationPlatforms) = postSolution
		{EF5F5659-C758-4B54-8F50-0E56E20A5F66}.Debug|Any CPU.ActiveCfg = Debug|Any CPU
		{EF5F5659-C758-4B54-8F50-0E56E20A5F66}.Debug|Any CPU.Build.0 = Debug|Any CPU
		{EF5F5659-C758-4B54-8F50-0E56E20A5F66}.Release|Any CPU.ActiveCfg = Release|Any CPU
		{EF5F5659-C758-4B54-8F50-0E56E20A5F66}.Release|Any CPU.Build.0 = Release|Any CPU
	EndGlobalSection
	GlobalSection(SolutionProperties) = preSolution
		HideSolutionNode = FALSE
	EndGlobalSection
	GlobalSection(ExtensibilityGlobals) = postSolution
		SolutionGuid = {184C8D9F-A227-4B3D-9003-75868FF08990}
	EndGlobalSection
EndGlobal
